
Microsoft Visual Studio Solution File, Format Version 12.00
# Visual Studio 15
VisualStudioVersion = 15.0.28010.2041
MinimumVisualStudioVersion = 10.0.40219.1
Project("{9A19103F-16F7-4668-BE54-9A1E7A4F7556}") = "ApiBodas", "ApiBodas\ApiBodas.csproj", "{4BC736A5-C8CB-4EF5-85F7-84D62C729E0E}"
EndProject
Project("{FAE04EC0-301F-11D3-BF4B-00C04F79EFBC}") = "Entities", "Entities\Entities.csproj", "{500DB3F5-52C3-41ED-811B-031418F707D6}"
EndProject
Global
	GlobalSection(SolutionConfigurationPlatforms) = preSolution
		Debug|Any CPU = Debug|Any CPU
		Release|Any CPU = Release|Any CPU
	EndGlobalSection
	GlobalSection(ProjectConfigurationPlatforms) = postSolution
		{4BC736A5-C8CB-4EF5-85F7-84D62C729E0E}.Debug|Any CPU.ActiveCfg = Debug|Any CPU
		{4BC736A5-C8CB-4EF5-85F7-84D62C729E0E}.Debug|Any CPU.Build.0 = Debug|Any CPU
		{4BC736A5-C8CB-4EF5-85F7-84D62C729E0E}.Release|Any CPU.ActiveCfg = Release|Any CPU
		{4BC736A5-C8CB-4EF5-85F7-84D62C729E0E}.Release|Any CPU.Build.0 = Release|Any CPU
		{500DB3F5-52C3-41ED-811B-031418F707D6}.Debug|Any CPU.ActiveCfg = Debug|Any CPU
		{500DB3F5-52C3-41ED-811B-031418F707D6}.Debug|Any CPU.Build.0 = Debug|Any CPU
		{500DB3F5-52C3-41ED-811B-031418F707D6}.Release|Any CPU.ActiveCfg = Release|Any CPU
		{500DB3F5-52C3-41ED-811B-031418F707D6}.Release|Any CPU.Build.0 = Release|Any CPU
	EndGlobalSection
	GlobalSection(SolutionProperties) = preSolution
		HideSolutionNode = FALSE
	EndGlobalSection
	GlobalSection(ExtensibilityGlobals) = postSolution
		SolutionGuid = {935DC55C-8035-4F5D-B5F4-C79685A14EA6}
	EndGlobalSection
EndGlobal
